
Microsoft Visual Studio Solution File, Format Version 12.00
# Visual Studio 2012
Project("{8BC9CEB8-8B4A-11D0-8D11-00A0C91BC942}") = "SampleFreeglut", "SampleFreeglut\SampleFreeglut.vcxproj", "{BF21664A-621D-4AFF-8408-15D38B2668A6}"
EndProject
Project("{8BC9CEB8-8B4A-11D0-8D11-00A0C91BC942}") = "SampleSFML", "SampleSFML\SampleSFML.vcxproj", "{FF6E641A-A83C-4376-B70C-9C0B80042E42}"
EndProject
Global
	GlobalSection(SolutionConfigurationPlatforms) = preSolution
		Debug|Win32 = Debug|Win32
		Release|Win32 = Release|Win32
	EndGlobalSection
	GlobalSection(ProjectConfigurationPlatforms) = postSolution
		{BF21664A-621D-4AFF-8408-15D38B2668A6}.Debug|Win32.ActiveCfg = Debug|Win32
		{BF21664A-621D-4AFF-8408-15D38B2668A6}.Debug|Win32.Build.0 = Debug|Win32
		{BF21664A-621D-4AFF-8408-15D38B2668A6}.Release|Win32.ActiveCfg = Release|Win32
		{BF21664A-621D-4AFF-8408-15D38B2668A6}.Release|Win32.Build.0 = Release|Win32
		{FF6E641A-A83C-4376-B70C-9C0B80042E42}.Debug|Win32.ActiveCfg = Debug|Win32
		{FF6E641A-A83C-4376-B70C-9C0B80042E42}.Debug|Win32.Build.0 = Debug|Win32
		{FF6E641A-A83C-4376-B70C-9C0B80042E42}.Release|Win32.ActiveCfg = Release|Win32
		{FF6E641A-A83C-4376-B70C-9C0B80042E42}.Release|Win32.Build.0 = Release|Win32
	EndGlobalSection
	GlobalSection(SolutionProperties) = preSolution
		HideSolutionNode = FALSE
	EndGlobalSection
EndGlobal
